<?xml version="1.0" encoding="utf-8"?>
<Project ToolsVersion="4.0" xmlns="http://schemas.microsoft.com/developer/msbuild/2003">
  <ItemGroup>
    <Filter Include="00. GameInstance">
      <UniqueIdentifier>{b4db6d92-1252-4268-8c47-bce21ee5e860}</UniqueIdentifier>
    </Filter>
    <Filter Include="02. Timers">
      <UniqueIdentifier>{18126364-22de-4c17-85f4-7bd66248410b}</UniqueIdentifier>
    </Filter>
    <Filter Include="02. Timers\Manager">
      <UniqueIdentifier>{ff201265-6e96-4aab-8123-16affba82f9b}</UniqueIdentifier>
    </Filter>
    <Filter Include="03. Levels">
      <UniqueIdentifier>{1aee88dc-70f3-4154-b444-18d920d8a219}</UniqueIdentifier>
    </Filter>
    <Filter Include="03. Levels\Manager">
      <UniqueIdentifier>{5729a35e-1869-4b00-b104-38ca423810ca}</UniqueIdentifier>
    </Filter>
    <Filter Include="04. Prototype">
      <UniqueIdentifier>{f1f3a48d-e1b9-4055-bd26-c5c5d19d6fe9}</UniqueIdentifier>
    </Filter>
    <Filter Include="04. Prototype\Manager">
      <UniqueIdentifier>{f3737c2a-3e1d-4199-b87a-d36198bae59c}</UniqueIdentifier>
    </Filter>
    <Filter Include="05. GameObject">
      <UniqueIdentifier>{938cf4e1-f351-4ced-a29b-23c668bc1aa4}</UniqueIdentifier>
    </Filter>
    <Filter Include="05. GameObject\Manager">
      <UniqueIdentifier>{839b5bf6-cf06-4b19-8e65-271bf0c9a412}</UniqueIdentifier>
    </Filter>
    <Filter Include="05. GameObject\Manager\Layer">
      <UniqueIdentifier>{66ac95ad-f5d6-4fb2-973b-53e8d715c43e}</UniqueIdentifier>
    </Filter>
    <Filter Include="06. Renderer">
      <UniqueIdentifier>{831a7298-ee1f-48e7-a527-a9860cf9c214}</UniqueIdentifier>
    </Filter>
    <Filter Include="07. Component">
      <UniqueIdentifier>{5872d473-c10f-4a16-9970-ad1815efccec}</UniqueIdentifier>
    </Filter>
    <Filter Include="07. Component\00. Transform">
      <UniqueIdentifier>{d3d99cdf-f481-439c-ad1a-c73ed03b21f0}</UniqueIdentifier>
    </Filter>
    <Filter Include="07. Component\01. VIBuffer">
      <UniqueIdentifier>{4c1f6640-e99e-4e16-93c4-7165fc4076b6}</UniqueIdentifier>
    </Filter>
    <Filter Include="07. Component\01. VIBuffer\00. Rect">
      <UniqueIdentifier>{9568b2e0-fa56-4530-9094-0fa618f5e8e5}</UniqueIdentifier>
    </Filter>
    <Filter Include="07. Component\02. Shader">
      <UniqueIdentifier>{c175b8e3-909b-4624-acbe-bc643e2bab9d}</UniqueIdentifier>
    </Filter>
    <Filter Include="07. Component\03. Texture">
      <UniqueIdentifier>{07b46507-a55e-47c6-b91d-2cec6d946e59}</UniqueIdentifier>
    </Filter>
    <Filter Include="05. GameObject\00. Camera">
      <UniqueIdentifier>{b8b00311-f2f2-4889-83d0-c618e8fb6aa1}</UniqueIdentifier>
    </Filter>
    <Filter Include="05. GameObject\01. UIObject">
      <UniqueIdentifier>{f16e538b-f270-4dda-bb92-7a05541a4998}</UniqueIdentifier>
    </Filter>
    <Filter Include="08. Pipeline">
      <UniqueIdentifier>{c3c32e99-04ac-491f-a60a-8497d1d82cfe}</UniqueIdentifier>
    </Filter>
    <Filter Include="01. Device">
      <UniqueIdentifier>{a783a4d1-1015-41bf-8ffa-111ec3ab3dfe}</UniqueIdentifier>
    </Filter>
    <Filter Include="01. Device\00. Graphic">
      <UniqueIdentifier>{d851d398-b945-424f-b51d-c5a1f4ab0928}</UniqueIdentifier>
    </Filter>
    <Filter Include="01. Device\01. Input">
      <UniqueIdentifier>{6ae9f353-08d4-429e-8afa-d6fe836260f2}</UniqueIdentifier>
    </Filter>
    <Filter Include="999. Defines">
      <UniqueIdentifier>{d99dc4b3-5a8e-443f-82fc-04051d0a17e7}</UniqueIdentifier>
    </Filter>
    <Filter Include="998. SuperClass">
      <UniqueIdentifier>{1f83dd38-52d7-4e37-a83f-3acd843efe1c}</UniqueIdentifier>
    </Filter>
    <Filter Include="99. Thread_Manager">
      <UniqueIdentifier>{2b59562d-441c-4f27-8083-0c4f946b5d90}</UniqueIdentifier>
    </Filter>
    <Filter Include="09. Lights">
      <UniqueIdentifier>{8197c1c5-0ff7-4feb-83d1-768dfa431f31}</UniqueIdentifier>
    </Filter>
    <Filter Include="09. Lights\Manager">
      <UniqueIdentifier>{c2956dbf-3813-4578-87c3-0ffef5883e3d}</UniqueIdentifier>
    </Filter>
    <Filter Include="07. Component\04. Model">
      <UniqueIdentifier>{6158ff22-7210-489e-ae95-56624b77c63b}</UniqueIdentifier>
    </Filter>
    <Filter Include="07. Component\04. Model\00. Mesh">
      <UniqueIdentifier>{c46f0464-0eff-49f6-85f1-e4b49b7a7fb3}</UniqueIdentifier>
    </Filter>
    <Filter Include="07. Component\04. Model\01. Material">
      <UniqueIdentifier>{1bc9888d-db7e-447e-81a5-65a2bc59e6e0}</UniqueIdentifier>
    </Filter>
    <Filter Include="07. Component\04. Model\02. Bone">
      <UniqueIdentifier>{71213ef7-4182-4686-8e30-3e6835fcdb88}</UniqueIdentifier>
    </Filter>
    <Filter Include="07. Component\04. Model\03. Animation">
      <UniqueIdentifier>{7ad318ec-1363-4327-8c52-7a6cf05b15cb}</UniqueIdentifier>
    </Filter>
    <Filter Include="07. Component\04. Model\03. Animation\Channel">
      <UniqueIdentifier>{e7f29ce3-fd26-473e-a82d-1d3c3c0260f4}</UniqueIdentifier>
    </Filter>
  </ItemGroup>
  <ItemGroup>
    <ClCompile Include="..\Private\CBase.cpp">
      <Filter>998. SuperClass</Filter>
    </ClCompile>
    <ClCompile Include="..\Private\CGraphic_Device.cpp">
      <Filter>01. Device\00. Graphic</Filter>
    </ClCompile>
    <ClCompile Include="..\Private\CGameInstance.cpp">
      <Filter>00. GameInstance</Filter>
    </ClCompile>
    <ClCompile Include="..\Private\CTimer.cpp">
      <Filter>02. Timers</Filter>
    </ClCompile>
    <ClCompile Include="..\Private\CTimer_Manager.cpp">
      <Filter>02. Timers\Manager</Filter>
    </ClCompile>
    <ClCompile Include="..\Private\CLevel.cpp">
      <Filter>03. Levels</Filter>
    </ClCompile>
    <ClCompile Include="..\Private\CLevel_Manager.cpp">
      <Filter>03. Levels\Manager</Filter>
    </ClCompile>
    <ClCompile Include="..\Private\CPrototype_Manager.cpp">
      <Filter>04. Prototype\Manager</Filter>
    </ClCompile>
    <ClCompile Include="..\Private\CGameObject.cpp">
      <Filter>05. GameObject</Filter>
    </ClCompile>
    <ClCompile Include="..\Private\CObject_Manager.cpp">
      <Filter>05. GameObject\Manager</Filter>
    </ClCompile>
    <ClCompile Include="..\Private\CLayer.cpp">
      <Filter>05. GameObject\Manager\Layer</Filter>
    </ClCompile>
    <ClCompile Include="..\Private\CRenderer.cpp">
      <Filter>06. Renderer</Filter>
    </ClCompile>
    <ClCompile Include="..\Private\CComponent.cpp">
      <Filter>07. Component</Filter>
    </ClCompile>
    <ClCompile Include="..\Private\CTransform.cpp">
      <Filter>07. Component\00. Transform</Filter>
    </ClCompile>
    <ClCompile Include="..\Private\CThread_Manager.cpp">
      <Filter>99. Thread_Manager</Filter>
    </ClCompile>
    <ClCompile Include="..\Private\CVIBuffer.cpp">
      <Filter>07. Component\01. VIBuffer</Filter>
    </ClCompile>
    <ClCompile Include="..\Private\CVIBuffer_Rect.cpp">
      <Filter>07. Component\01. VIBuffer\00. Rect</Filter>
    </ClCompile>
    <ClCompile Include="..\Private\CShader.cpp">
      <Filter>07. Component\02. Shader</Filter>
    </ClCompile>
    <ClCompile Include="..\Private\CTexture.cpp">
      <Filter>07. Component\03. Texture</Filter>
    </ClCompile>
    <ClCompile Include="..\Private\CUIObject.cpp">
      <Filter>05. GameObject\01. UIObject</Filter>
    </ClCompile>
    <ClCompile Include="..\Private\CCamera.cpp">
      <Filter>05. GameObject\00. Camera</Filter>
    </ClCompile>
    <ClCompile Include="..\Private\CPipeline.cpp">
      <Filter>08. Pipeline</Filter>
    </ClCompile>
    <ClCompile Include="..\Private\CInput_Device.cpp">
      <Filter>01. Device\01. Input</Filter>
    </ClCompile>
    <ClCompile Include="..\Private\CLight.cpp">
      <Filter>09. Lights</Filter>
    </ClCompile>
    <ClCompile Include="..\Private\CLight_Manager.cpp">
      <Filter>09. Lights\Manager</Filter>
    </ClCompile>
    <ClCompile Include="..\Private\CModel.cpp">
      <Filter>07. Component\04. Model</Filter>
    </ClCompile>
    <ClCompile Include="..\Private\CMesh.cpp">
      <Filter>07. Component\04. Model\00. Mesh</Filter>
    </ClCompile>
    <ClCompile Include="..\Private\CMaterial.cpp">
      <Filter>07. Component\04. Model\01. Material</Filter>
    </ClCompile>
    <ClCompile Include="..\Private\CBone.cpp">
      <Filter>07. Component\04. Model\02. Bone</Filter>
    </ClCompile>
    <ClCompile Include="..\Private\CAnimation.cpp">
      <Filter>07. Component\04. Model\03. Animation</Filter>
    </ClCompile>
    <ClCompile Include="..\Private\CChannel.cpp">
      <Filter>07. Component\04. Model\03. Animation\Channel</Filter>
    </ClCompile>
  </ItemGroup>
  <ItemGroup>
    <ClInclude Include="..\Public\CBase.h">
      <Filter>998. SuperClass</Filter>
    </ClInclude>
    <ClInclude Include="..\Public\Engine_Defines.h">
      <Filter>999. Defines</Filter>
    </ClInclude>
    <ClInclude Include="..\Public\Engine_Enum.h">
      <Filter>999. Defines</Filter>
    </ClInclude>
    <ClInclude Include="..\Public\Engine_Function.h">
      <Filter>999. Defines</Filter>
    </ClInclude>
    <ClInclude Include="..\Public\Engine_Macro.h">
      <Filter>999. Defines</Filter>
    </ClInclude>
    <ClInclude Include="..\Public\Engine_Struct.h">
      <Filter>999. Defines</Filter>
    </ClInclude>
    <ClInclude Include="..\Public\Engine_Typedef.h">
      <Filter>999. Defines</Filter>
    </ClInclude>
    <ClInclude Include="..\Public\CGraphic_Device.h">
      <Filter>01. Device\00. Graphic</Filter>
    </ClInclude>
    <ClInclude Include="..\Public\CGameInstance.h">
      <Filter>00. GameInstance</Filter>
    </ClInclude>
    <ClInclude Include="..\Public\CTimer.h">
      <Filter>02. Timers</Filter>
    </ClInclude>
    <ClInclude Include="..\Public\CTimer_Manager.h">
      <Filter>02. Timers\Manager</Filter>
    </ClInclude>
    <ClInclude Include="..\Public\CLevel.h">
      <Filter>03. Levels</Filter>
    </ClInclude>
    <ClInclude Include="..\Public\CLevel_Manager.h">
      <Filter>03. Levels\Manager</Filter>
    </ClInclude>
    <ClInclude Include="..\Public\CPrototype_Manager.h">
      <Filter>04. Prototype\Manager</Filter>
    </ClInclude>
    <ClInclude Include="..\Public\CGameObject.h">
      <Filter>05. GameObject</Filter>
    </ClInclude>
    <ClInclude Include="..\Public\CObject_Manager.h">
      <Filter>05. GameObject\Manager</Filter>
    </ClInclude>
    <ClInclude Include="..\Public\CLayer.h">
      <Filter>05. GameObject\Manager\Layer</Filter>
    </ClInclude>
    <ClInclude Include="..\Public\CRenderer.h">
      <Filter>06. Renderer</Filter>
    </ClInclude>
    <ClInclude Include="..\Public\CComponent.h">
      <Filter>07. Component</Filter>
    </ClInclude>
    <ClInclude Include="..\Public\CTransform.h">
      <Filter>07. Component\00. Transform</Filter>
    </ClInclude>
    <ClInclude Include="..\Public\CThread_Manager.h">
      <Filter>99. Thread_Manager</Filter>
    </ClInclude>
    <ClInclude Include="..\Public\CVIBuffer.h">
      <Filter>07. Component\01. VIBuffer</Filter>
    </ClInclude>
    <ClInclude Include="..\Public\CVIBuffer_Rect.h">
      <Filter>07. Component\01. VIBuffer\00. Rect</Filter>
    </ClInclude>
    <ClInclude Include="..\Public\CShader.h">
      <Filter>07. Component\02. Shader</Filter>
    </ClInclude>
    <ClInclude Include="..\Public\CTexture.h">
      <Filter>07. Component\03. Texture</Filter>
    </ClInclude>
    <ClInclude Include="..\Public\CUIObject.h">
      <Filter>05. GameObject\01. UIObject</Filter>
    </ClInclude>
    <ClInclude Include="..\Public\CCamera.h">
      <Filter>05. GameObject\00. Camera</Filter>
    </ClInclude>
    <ClInclude Include="..\Public\CPipeline.h">
      <Filter>08. Pipeline</Filter>
    </ClInclude>
    <ClInclude Include="..\Public\CInput_Device.h">
      <Filter>01. Device\01. Input</Filter>
    </ClInclude>
    <ClInclude Include="..\Public\CLight.h">
      <Filter>09. Lights</Filter>
    </ClInclude>
    <ClInclude Include="..\Public\CLight_Manager.h">
      <Filter>09. Lights\Manager</Filter>
    </ClInclude>
    <ClInclude Include="..\Public\CModel.h">
      <Filter>07. Component\04. Model</Filter>
    </ClInclude>
    <ClInclude Include="..\Public\CMesh.h">
      <Filter>07. Component\04. Model\00. Mesh</Filter>
    </ClInclude>
    <ClInclude Include="..\Public\CMaterial.h">
      <Filter>07. Component\04. Model\01. Material</Filter>
    </ClInclude>
    <ClInclude Include="..\Public\CBone.h">
      <Filter>07. Component\04. Model\02. Bone</Filter>
    </ClInclude>
    <ClInclude Include="..\Public\CAnimation.h">
      <Filter>07. Component\04. Model\03. Animation</Filter>
    </ClInclude>
    <ClInclude Include="..\Public\CChannel.h">
      <Filter>07. Component\04. Model\03. Animation\Channel</Filter>
    </ClInclude>
  </ItemGroup>
</Project>