<?xml version="1.0" encoding="utf-8"?>
<Project ToolsVersion="4.0" xmlns="http://schemas.microsoft.com/developer/msbuild/2003">
  <ItemGroup>
    <Filter Include="98. Default">
      <UniqueIdentifier>{1957437c-d700-4eef-93fe-aae690274857}</UniqueIdentifier>
    </Filter>
    <Filter Include="00. MainApp">
      <UniqueIdentifier>{f7848fab-2fe4-4be2-b0ac-32f80f900824}</UniqueIdentifier>
    </Filter>
    <Filter Include="99. Defines">
      <UniqueIdentifier>{9167542c-90af-4e7d-8f78-bb3e667ef88e}</UniqueIdentifier>
    </Filter>
    <Filter Include="01. Levels">
      <UniqueIdentifier>{eccbdb63-23ed-446e-bba0-8ff4095f9d0a}</UniqueIdentifier>
    </Filter>
    <Filter Include="01. Levels\00. Loading">
      <UniqueIdentifier>{b574dd80-8c8c-4eab-b38f-58c949799552}</UniqueIdentifier>
    </Filter>
    <Filter Include="01. Levels\01. Logo">
      <UniqueIdentifier>{c99e1b51-4d70-438d-bcb6-2a6cf4a54cc9}</UniqueIdentifier>
    </Filter>
    <Filter Include="01. Levels\00. Loading\Loader">
      <UniqueIdentifier>{798fb795-944c-47a2-948a-54f74f7119bf}</UniqueIdentifier>
    </Filter>
    <Filter Include="02. GameObject">
      <UniqueIdentifier>{381ea451-b530-4f77-829d-2a8a13b9c6f1}</UniqueIdentifier>
    </Filter>
    <Filter Include="97. ShaderFiles">
      <UniqueIdentifier>{13f6b09d-79e7-45c4-af58-6d0dd3ca28d0}</UniqueIdentifier>
    </Filter>
    <Filter Include="100. ImGui_Manager">
      <UniqueIdentifier>{f0887342-7e7c-4b1b-b8cc-aaa3962654e3}</UniqueIdentifier>
    </Filter>
    <Filter Include="01. Levels\02. Lobby">
      <UniqueIdentifier>{6a3e9fa3-c636-47ca-ba7e-1fbeff574b87}</UniqueIdentifier>
    </Filter>
    <Filter Include="01. Levels\03. GamePlay">
      <UniqueIdentifier>{1a33b087-e69b-4b36-9b9e-21570faa4b9c}</UniqueIdentifier>
    </Filter>
    <Filter Include="01. Levels\04. Ending">
      <UniqueIdentifier>{308801a7-e0bf-46e3-9260-4a3f760067cf}</UniqueIdentifier>
    </Filter>
    <Filter Include="02. GameObject\00. UI_Image">
      <UniqueIdentifier>{12b549a8-c47a-4e99-83ee-2fb6c124f656}</UniqueIdentifier>
    </Filter>
    <Filter Include="02. GameObject\00. UI_Image\00. UI_FadeImage">
      <UniqueIdentifier>{b08061dd-4450-4380-b128-dd4e5f8994ab}</UniqueIdentifier>
    </Filter>
  </ItemGroup>
  <ItemGroup>
    <ClInclude Include="Client.h">
      <Filter>98. Default</Filter>
    </ClInclude>
    <ClInclude Include="framework.h">
      <Filter>98. Default</Filter>
    </ClInclude>
    <ClInclude Include="Resource.h">
      <Filter>98. Default</Filter>
    </ClInclude>
    <ClInclude Include="targetver.h">
      <Filter>98. Default</Filter>
    </ClInclude>
    <ClInclude Include="..\Public\CMainApp.h">
      <Filter>00. MainApp</Filter>
    </ClInclude>
    <ClInclude Include="..\Public\Client_Defines.h">
      <Filter>99. Defines</Filter>
    </ClInclude>
    <ClInclude Include="..\Public\CLevel_Logo.h">
      <Filter>01. Levels\01. Logo</Filter>
    </ClInclude>
    <ClInclude Include="..\Public\CLevel_Loading.h">
      <Filter>01. Levels\00. Loading</Filter>
    </ClInclude>
    <ClInclude Include="..\Public\CLevel_GamePlay.h">
      <Filter>01. Levels\03. GamePlay</Filter>
    </ClInclude>
    <ClInclude Include="..\Public\CLoader.h">
      <Filter>01. Levels\00. Loading\Loader</Filter>
    </ClInclude>
    <ClInclude Include="..\Public\CUI_Image.h">
      <Filter>02. GameObject\00. UI_Image</Filter>
    </ClInclude>
    <ClInclude Include="..\Public\CImGui_Manager.h">
      <Filter>100. ImGui_Manager</Filter>
    </ClInclude>
    <ClInclude Include="..\Public\CLevel_Lobby.h">
      <Filter>01. Levels\02. Lobby</Filter>
    </ClInclude>
    <ClInclude Include="..\Public\CLevel_Ending.h">
      <Filter>01. Levels\04. Ending</Filter>
    </ClInclude>
    <ClInclude Include="..\Public\CUI_FadeImage.h">
      <Filter>02. GameObject\00. UI_Image\00. UI_FadeImage</Filter>
    </ClInclude>
  </ItemGroup>
  <ItemGroup>
    <Image Include="Client.ico">
      <Filter>98. Default</Filter>
    </Image>
    <Image Include="small.ico">
      <Filter>98. Default</Filter>
    </Image>
  </ItemGroup>
  <ItemGroup>
    <ResourceCompile Include="Client.rc">
      <Filter>98. Default</Filter>
    </ResourceCompile>
  </ItemGroup>
  <ItemGroup>
    <ClCompile Include="Client.cpp">
      <Filter>98. Default</Filter>
    </ClCompile>
    <ClCompile Include="..\Private\CMainApp.cpp">
      <Filter>00. MainApp</Filter>
    </ClCompile>
    <ClCompile Include="..\Private\CLevel_Logo.cpp">
      <Filter>01. Levels\01. Logo</Filter>
    </ClCompile>
    <ClCompile Include="..\Private\CLevel_Loading.cpp">
      <Filter>01. Levels\00. Loading</Filter>
    </ClCompile>
    <ClCompile Include="..\Private\CLevel_GamePlay.cpp">
      <Filter>01. Levels\03. GamePlay</Filter>
    </ClCompile>
    <ClCompile Include="..\Private\CLoader.cpp">
      <Filter>01. Levels\00. Loading\Loader</Filter>
    </ClCompile>
    <ClCompile Include="..\Private\CUI_Image.cpp">
      <Filter>02. GameObject\00. UI_Image</Filter>
    </ClCompile>
    <ClCompile Include="..\Private\CImGui_Manager.cpp">
      <Filter>100. ImGui_Manager</Filter>
    </ClCompile>
    <ClCompile Include="..\Private\CLevel_Lobby.cpp">
      <Filter>01. Levels\02. Lobby</Filter>
    </ClCompile>
    <ClCompile Include="..\Private\CLevel_Ending.cpp">
      <Filter>01. Levels\04. Ending</Filter>
    </ClCompile>
    <ClCompile Include="..\Private\CUI_FadeImage.cpp">
      <Filter>02. GameObject\00. UI_Image\00. UI_FadeImage</Filter>
    </ClCompile>
  </ItemGroup>
  <ItemGroup>
    <FxCompile Include="..\Bin\ShaderFiles\Shader_VtxTex.hlsl">
      <Filter>97. ShaderFiles</Filter>
    </FxCompile>
    <FxCompile Include="..\Bin\ShaderFiles\Shader_VtxNorTex.hlsl">
      <Filter>97. ShaderFiles</Filter>
    </FxCompile>
  </ItemGroup>
</Project>