<?xml version="1.0" encoding="utf-8"?>
<Project ToolsVersion="4.0" xmlns="http://schemas.microsoft.com/developer/msbuild/2003">
  <ItemGroup>
    <Filter Include="00. MainApp">
      <UniqueIdentifier>{f7848fab-2fe4-4be2-b0ac-32f80f900824}</UniqueIdentifier>
    </Filter>
    <Filter Include="01. Levels">
      <UniqueIdentifier>{eccbdb63-23ed-446e-bba0-8ff4095f9d0a}</UniqueIdentifier>
    </Filter>
    <Filter Include="01. Levels\00. Loading">
      <UniqueIdentifier>{b574dd80-8c8c-4eab-b38f-58c949799552}</UniqueIdentifier>
    </Filter>
    <Filter Include="01. Levels\01. Logo">
      <UniqueIdentifier>{c99e1b51-4d70-438d-bcb6-2a6cf4a54cc9}</UniqueIdentifier>
    </Filter>
    <Filter Include="01. Levels\00. Loading\Loader">
      <UniqueIdentifier>{798fb795-944c-47a2-948a-54f74f7119bf}</UniqueIdentifier>
    </Filter>
    <Filter Include="02. GameObject">
      <UniqueIdentifier>{381ea451-b530-4f77-829d-2a8a13b9c6f1}</UniqueIdentifier>
    </Filter>
    <Filter Include="01. Levels\02. Lobby">
      <UniqueIdentifier>{6a3e9fa3-c636-47ca-ba7e-1fbeff574b87}</UniqueIdentifier>
    </Filter>
    <Filter Include="01. Levels\03. GamePlay">
      <UniqueIdentifier>{1a33b087-e69b-4b36-9b9e-21570faa4b9c}</UniqueIdentifier>
    </Filter>
    <Filter Include="01. Levels\04. Ending">
      <UniqueIdentifier>{308801a7-e0bf-46e3-9260-4a3f760067cf}</UniqueIdentifier>
    </Filter>
    <Filter Include="01. Levels\02. Lobby\Stage">
      <UniqueIdentifier>{3f377586-f87a-4363-9655-9ee0c7d7b2e3}</UniqueIdentifier>
    </Filter>
    <Filter Include="01. Levels\02. Lobby\Stage\00. Stage_Lobby">
      <UniqueIdentifier>{ca3fd546-62b2-497b-9ef4-cdbacf3296cc}</UniqueIdentifier>
    </Filter>
    <Filter Include="01. Levels\02. Lobby\Stage\01. Stage_Select">
      <UniqueIdentifier>{d7499cef-b30e-44c0-9b3e-ff4dbb9333b7}</UniqueIdentifier>
    </Filter>
    <Filter Include="999. Defines">
      <UniqueIdentifier>{9167542c-90af-4e7d-8f78-bb3e667ef88e}</UniqueIdentifier>
    </Filter>
    <Filter Include="998. Default">
      <UniqueIdentifier>{1957437c-d700-4eef-93fe-aae690274857}</UniqueIdentifier>
    </Filter>
    <Filter Include="997. ShaderFiles">
      <UniqueIdentifier>{13f6b09d-79e7-45c4-af58-6d0dd3ca28d0}</UniqueIdentifier>
    </Filter>
    <Filter Include="02. GameObject\00. Camera">
      <UniqueIdentifier>{ff6cb342-f0a3-4839-bae6-e8c40ea86f63}</UniqueIdentifier>
    </Filter>
    <Filter Include="02. GameObject\00. Camera\00. Free">
      <UniqueIdentifier>{655277cf-ad6f-46e5-9277-b526dcf2cf56}</UniqueIdentifier>
    </Filter>
    <Filter Include="02. GameObject\02. Monster">
      <UniqueIdentifier>{9c081f2e-e116-4f50-9c15-e26f5e16ca67}</UniqueIdentifier>
    </Filter>
    <Filter Include="02. GameObject\01. UI_Default">
      <UniqueIdentifier>{e4320753-9360-4abf-b936-bbd1aefa69aa}</UniqueIdentifier>
    </Filter>
    <Filter Include="02. GameObject\01. UI_Default\00. UI_Image">
      <UniqueIdentifier>{12b549a8-c47a-4e99-83ee-2fb6c124f656}</UniqueIdentifier>
    </Filter>
    <Filter Include="02. GameObject\01. UI_Default\00. UI_Image\00. UI_AniImage">
      <UniqueIdentifier>{b08061dd-4450-4380-b128-dd4e5f8994ab}</UniqueIdentifier>
    </Filter>
    <Filter Include="02. GameObject\01. UI_Default\01. UI_Btn">
      <UniqueIdentifier>{d4919f53-6c3e-4d08-9e3c-bea802cc9fe1}</UniqueIdentifier>
    </Filter>
    <Filter Include="02. GameObject\01. UI_Default\02. UI_PickPanel">
      <UniqueIdentifier>{d7e2516a-a3a2-4f64-b34a-9fe174dc0c8a}</UniqueIdentifier>
    </Filter>
    <Filter Include="02. GameObject\01. UI_Default\01. UI_Btn\LobbyTabBtn">
      <UniqueIdentifier>{ea61d873-5726-4037-9a9d-b60fa743d41c}</UniqueIdentifier>
    </Filter>
    <Filter Include="02. GameObject\01. UI_Default\01. UI_Btn\PickSlot">
      <UniqueIdentifier>{f271a942-1d89-41a3-adb0-790d90b8f0a3}</UniqueIdentifier>
    </Filter>
    <Filter Include="02. GameObject\01. UI_Default\03. UI_SkinPanel">
      <UniqueIdentifier>{0dd327d6-8344-4bcb-a424-a364284e2664}</UniqueIdentifier>
    </Filter>
    <Filter Include="99. Manager">
      <UniqueIdentifier>{9da1878e-e8dc-45e5-badd-689d7f8144c2}</UniqueIdentifier>
    </Filter>
    <Filter Include="99. Manager\99. ImGui_Manager">
      <UniqueIdentifier>{f0887342-7e7c-4b1b-b8cc-aaa3962654e3}</UniqueIdentifier>
    </Filter>
    <Filter Include="99. Manager\00. CharData_Manager">
      <UniqueIdentifier>{a4376f57-7def-47d0-8a26-14dc28330034}</UniqueIdentifier>
    </Filter>
    <Filter Include="99. Manager\01. CGame_Manager">
      <UniqueIdentifier>{6170fe61-0410-4c90-8962-3c8d1ac16b55}</UniqueIdentifier>
    </Filter>
    <Filter Include="02. GameObject\01. UI_Default\01. UI_Btn\PickSkin">
      <UniqueIdentifier>{035a5d7c-1808-47c4-8517-3f5ae3cdaaa1}</UniqueIdentifier>
    </Filter>
    <Filter Include="02. GameObject\01. UI_Default\01. UI_Btn\LobbySelectBtn">
      <UniqueIdentifier>{dc50fff1-4339-485b-ae25-7b952f231445}</UniqueIdentifier>
    </Filter>
    <Filter Include="02. GameObject\03. ForkLift">
      <UniqueIdentifier>{2938a3e3-44df-481a-bb13-f5847b3fb5ff}</UniqueIdentifier>
    </Filter>
    <Filter Include="02. GameObject\01. UI_Default\04. UI_MapPanel">
      <UniqueIdentifier>{99d0aff8-14e9-4a10-9d65-c9a6e6b0fc96}</UniqueIdentifier>
    </Filter>
    <Filter Include="02. GameObject\01. UI_Default\01. UI_Btn\MapSelectBtn">
      <UniqueIdentifier>{c39eee39-75f4-483f-a67b-76d75859c542}</UniqueIdentifier>
    </Filter>
    <Filter Include="02. GameObject\04. Map_Lumia">
      <UniqueIdentifier>{c4e51e4b-3791-4ff8-a431-391228665e0c}</UniqueIdentifier>
    </Filter>
  </ItemGroup>
  <ItemGroup>
    <ClInclude Include="Client.h">
      <Filter>998. Default</Filter>
    </ClInclude>
    <ClInclude Include="framework.h">
      <Filter>998. Default</Filter>
    </ClInclude>
    <ClInclude Include="Resource.h">
      <Filter>998. Default</Filter>
    </ClInclude>
    <ClInclude Include="targetver.h">
      <Filter>998. Default</Filter>
    </ClInclude>
    <ClInclude Include="..\Public\CMainApp.h">
      <Filter>00. MainApp</Filter>
    </ClInclude>
    <ClInclude Include="..\Public\Client_Defines.h">
      <Filter>999. Defines</Filter>
    </ClInclude>
    <ClInclude Include="..\Public\CLevel_Logo.h">
      <Filter>01. Levels\01. Logo</Filter>
    </ClInclude>
    <ClInclude Include="..\Public\CLevel_Loading.h">
      <Filter>01. Levels\00. Loading</Filter>
    </ClInclude>
    <ClInclude Include="..\Public\CLevel_GamePlay.h">
      <Filter>01. Levels\03. GamePlay</Filter>
    </ClInclude>
    <ClInclude Include="..\Public\CLoader.h">
      <Filter>01. Levels\00. Loading\Loader</Filter>
    </ClInclude>
    <ClInclude Include="..\Public\CUI_Image.h">
      <Filter>02. GameObject\01. UI_Default\00. UI_Image</Filter>
    </ClInclude>
    <ClInclude Include="..\Public\CImGui_Manager.h">
      <Filter>99. Manager\99. ImGui_Manager</Filter>
    </ClInclude>
    <ClInclude Include="..\Public\CLevel_Lobby.h">
      <Filter>01. Levels\02. Lobby</Filter>
    </ClInclude>
    <ClInclude Include="..\Public\CLevel_Ending.h">
      <Filter>01. Levels\04. Ending</Filter>
    </ClInclude>
    <ClInclude Include="..\Public\CUI_AniImage.h">
      <Filter>02. GameObject\01. UI_Default\00. UI_Image\00. UI_AniImage</Filter>
    </ClInclude>
    <ClInclude Include="..\Public\CCamera_Free.h">
      <Filter>02. GameObject\00. Camera\00. Free</Filter>
    </ClInclude>
    <ClInclude Include="..\Public\CUI_Btn.h">
      <Filter>02. GameObject\01. UI_Default\01. UI_Btn</Filter>
    </ClInclude>
    <ClInclude Include="..\Public\CLobbyTabBtn.h">
      <Filter>02. GameObject\01. UI_Default\01. UI_Btn\LobbyTabBtn</Filter>
    </ClInclude>
    <ClInclude Include="..\Public\CUI_Default.h">
      <Filter>02. GameObject\01. UI_Default</Filter>
    </ClInclude>
    <ClInclude Include="..\Public\CStage.h">
      <Filter>01. Levels\02. Lobby\Stage</Filter>
    </ClInclude>
    <ClInclude Include="..\Public\CStage_Lobby.h">
      <Filter>01. Levels\02. Lobby\Stage\00. Stage_Lobby</Filter>
    </ClInclude>
    <ClInclude Include="..\Public\CStage_Select.h">
      <Filter>01. Levels\02. Lobby\Stage\01. Stage_Select</Filter>
    </ClInclude>
    <ClInclude Include="..\Public\CMonster.h">
      <Filter>02. GameObject\02. Monster</Filter>
    </ClInclude>
    <ClInclude Include="..\Public\CUI_PickPanel.h">
      <Filter>02. GameObject\01. UI_Default\02. UI_PickPanel</Filter>
    </ClInclude>
    <ClInclude Include="..\Public\CPickSlot.h">
      <Filter>02. GameObject\01. UI_Default\01. UI_Btn\PickSlot</Filter>
    </ClInclude>
    <ClInclude Include="..\Public\CUI_SkinPanel.h">
      <Filter>02. GameObject\01. UI_Default\03. UI_SkinPanel</Filter>
    </ClInclude>
    <ClInclude Include="..\Public\CCharData_Manager.h">
      <Filter>99. Manager\00. CharData_Manager</Filter>
    </ClInclude>
    <ClInclude Include="..\Public\CGame_Manager.h">
      <Filter>99. Manager\01. CGame_Manager</Filter>
    </ClInclude>
    <ClInclude Include="..\Public\CPickSkin.h">
      <Filter>02. GameObject\01. UI_Default\01. UI_Btn\PickSkin</Filter>
    </ClInclude>
    <ClInclude Include="..\Public\Character_Meta.h">
      <Filter>999. Defines</Filter>
    </ClInclude>
    <ClInclude Include="..\Public\CLobbySelectBtn.h">
      <Filter>02. GameObject\01. UI_Default\01. UI_Btn\LobbySelectBtn</Filter>
    </ClInclude>
    <ClInclude Include="..\Public\CForkLift.h">
      <Filter>02. GameObject\03. ForkLift</Filter>
    </ClInclude>
    <ClInclude Include="..\Public\CUI_MapPanel.h">
      <Filter>02. GameObject\01. UI_Default\04. UI_MapPanel</Filter>
    </ClInclude>
    <ClInclude Include="..\Public\CMapSelectBtn.h">
      <Filter>02. GameObject\01. UI_Default\01. UI_Btn\MapSelectBtn</Filter>
    </ClInclude>
    <ClInclude Include="..\Public\Map_Meta.h">
      <Filter>999. Defines</Filter>
    </ClInclude>
    <ClInclude Include="..\Public\CMap_Lumia.h">
      <Filter>02. GameObject\04. Map_Lumia</Filter>
    </ClInclude>
  </ItemGroup>
  <ItemGroup>
    <Image Include="Client.ico">
      <Filter>998. Default</Filter>
    </Image>
    <Image Include="small.ico">
      <Filter>998. Default</Filter>
    </Image>
  </ItemGroup>
  <ItemGroup>
    <ResourceCompile Include="Client.rc">
      <Filter>998. Default</Filter>
    </ResourceCompile>
  </ItemGroup>
  <ItemGroup>
    <ClCompile Include="Client.cpp">
      <Filter>998. Default</Filter>
    </ClCompile>
    <ClCompile Include="..\Private\CMainApp.cpp">
      <Filter>00. MainApp</Filter>
    </ClCompile>
    <ClCompile Include="..\Private\CLevel_Logo.cpp">
      <Filter>01. Levels\01. Logo</Filter>
    </ClCompile>
    <ClCompile Include="..\Private\CLevel_Loading.cpp">
      <Filter>01. Levels\00. Loading</Filter>
    </ClCompile>
    <ClCompile Include="..\Private\CLevel_GamePlay.cpp">
      <Filter>01. Levels\03. GamePlay</Filter>
    </ClCompile>
    <ClCompile Include="..\Private\CLoader.cpp">
      <Filter>01. Levels\00. Loading\Loader</Filter>
    </ClCompile>
    <ClCompile Include="..\Private\CUI_Image.cpp">
      <Filter>02. GameObject\01. UI_Default\00. UI_Image</Filter>
    </ClCompile>
    <ClCompile Include="..\Private\CImGui_Manager.cpp">
      <Filter>99. Manager\99. ImGui_Manager</Filter>
    </ClCompile>
    <ClCompile Include="..\Private\CLevel_Lobby.cpp">
      <Filter>01. Levels\02. Lobby</Filter>
    </ClCompile>
    <ClCompile Include="..\Private\CLevel_Ending.cpp">
      <Filter>01. Levels\04. Ending</Filter>
    </ClCompile>
    <ClCompile Include="..\Private\CUI_AniImage.cpp">
      <Filter>02. GameObject\01. UI_Default\00. UI_Image\00. UI_AniImage</Filter>
    </ClCompile>
    <ClCompile Include="..\Private\CCamera_Free.cpp">
      <Filter>02. GameObject\00. Camera\00. Free</Filter>
    </ClCompile>
    <ClCompile Include="..\Private\CUI_Btn.cpp">
      <Filter>02. GameObject\01. UI_Default\01. UI_Btn</Filter>
    </ClCompile>
    <ClCompile Include="..\Private\CLobbyTabBtn.cpp">
      <Filter>02. GameObject\01. UI_Default\01. UI_Btn\LobbyTabBtn</Filter>
    </ClCompile>
    <ClCompile Include="..\Private\CUI_Default.cpp">
      <Filter>02. GameObject\01. UI_Default</Filter>
    </ClCompile>
    <ClCompile Include="..\Private\CStage.cpp">
      <Filter>01. Levels\02. Lobby\Stage</Filter>
    </ClCompile>
    <ClCompile Include="..\Private\CStage_Lobby.cpp">
      <Filter>01. Levels\02. Lobby\Stage\00. Stage_Lobby</Filter>
    </ClCompile>
    <ClCompile Include="..\Private\CStage_Select.cpp">
      <Filter>01. Levels\02. Lobby\Stage\01. Stage_Select</Filter>
    </ClCompile>
    <ClCompile Include="..\Private\CMonster.cpp">
      <Filter>02. GameObject\02. Monster</Filter>
    </ClCompile>
    <ClCompile Include="..\Private\CUI_PickPanel.cpp">
      <Filter>02. GameObject\01. UI_Default\02. UI_PickPanel</Filter>
    </ClCompile>
    <ClCompile Include="..\Private\CPickSlot.cpp">
      <Filter>02. GameObject\01. UI_Default\01. UI_Btn\PickSlot</Filter>
    </ClCompile>
    <ClCompile Include="..\Private\CUI_SkinPanel.cpp">
      <Filter>02. GameObject\01. UI_Default\03. UI_SkinPanel</Filter>
    </ClCompile>
    <ClCompile Include="..\Private\CCharData_Manager.cpp">
      <Filter>99. Manager\00. CharData_Manager</Filter>
    </ClCompile>
    <ClCompile Include="..\Private\CGame_Manager.cpp">
      <Filter>99. Manager\01. CGame_Manager</Filter>
    </ClCompile>
    <ClCompile Include="..\Private\CPickSkin.cpp">
      <Filter>02. GameObject\01. UI_Default\01. UI_Btn\PickSkin</Filter>
    </ClCompile>
    <ClCompile Include="..\Private\CLobbySelectBtn.cpp">
      <Filter>02. GameObject\01. UI_Default\01. UI_Btn\LobbySelectBtn</Filter>
    </ClCompile>
    <ClCompile Include="..\Private\CForkLift.cpp">
      <Filter>02. GameObject\03. ForkLift</Filter>
    </ClCompile>
    <ClCompile Include="..\Private\CUI_MapPanel.cpp">
      <Filter>02. GameObject\01. UI_Default\04. UI_MapPanel</Filter>
    </ClCompile>
    <ClCompile Include="..\Private\CMapSelectBtn.cpp">
      <Filter>02. GameObject\01. UI_Default\01. UI_Btn\MapSelectBtn</Filter>
    </ClCompile>
    <ClCompile Include="..\Private\CMap_Lumia.cpp">
      <Filter>02. GameObject\04. Map_Lumia</Filter>
    </ClCompile>
  </ItemGroup>
  <ItemGroup>
    <FxCompile Include="..\Bin\ShaderFiles\Shader_VtxTex.hlsl">
      <Filter>997. ShaderFiles</Filter>
    </FxCompile>
    <FxCompile Include="..\Bin\ShaderFiles\Shader_VtxNorTex.hlsl">
      <Filter>997. ShaderFiles</Filter>
    </FxCompile>
    <FxCompile Include="..\Bin\ShaderFiles\Shader_VtxMesh.hlsl">
      <Filter>997. ShaderFiles</Filter>
    </FxCompile>
    <FxCompile Include="..\Bin\ShaderFiles\Shader_VtxAnimMesh.hlsl">
      <Filter>997. ShaderFiles</Filter>
    </FxCompile>
  </ItemGroup>
</Project>