<?xml version="1.0" encoding="utf-8"?>
<Project ToolsVersion="4.0" xmlns="http://schemas.microsoft.com/developer/msbuild/2003">
  <ItemGroup>
    <Filter Include="00. MainApp">
      <UniqueIdentifier>{f7848fab-2fe4-4be2-b0ac-32f80f900824}</UniqueIdentifier>
    </Filter>
    <Filter Include="01. Levels">
      <UniqueIdentifier>{eccbdb63-23ed-446e-bba0-8ff4095f9d0a}</UniqueIdentifier>
    </Filter>
    <Filter Include="01. Levels\00. Loading">
      <UniqueIdentifier>{b574dd80-8c8c-4eab-b38f-58c949799552}</UniqueIdentifier>
    </Filter>
    <Filter Include="01. Levels\01. Logo">
      <UniqueIdentifier>{c99e1b51-4d70-438d-bcb6-2a6cf4a54cc9}</UniqueIdentifier>
    </Filter>
    <Filter Include="01. Levels\00. Loading\Loader">
      <UniqueIdentifier>{798fb795-944c-47a2-948a-54f74f7119bf}</UniqueIdentifier>
    </Filter>
    <Filter Include="02. GameObject">
      <UniqueIdentifier>{381ea451-b530-4f77-829d-2a8a13b9c6f1}</UniqueIdentifier>
    </Filter>
    <Filter Include="01. Levels\02. Lobby">
      <UniqueIdentifier>{6a3e9fa3-c636-47ca-ba7e-1fbeff574b87}</UniqueIdentifier>
    </Filter>
    <Filter Include="01. Levels\03. GamePlay">
      <UniqueIdentifier>{1a33b087-e69b-4b36-9b9e-21570faa4b9c}</UniqueIdentifier>
    </Filter>
    <Filter Include="01. Levels\04. Ending">
      <UniqueIdentifier>{308801a7-e0bf-46e3-9260-4a3f760067cf}</UniqueIdentifier>
    </Filter>
    <Filter Include="01. Levels\02. Lobby\Stage">
      <UniqueIdentifier>{3f377586-f87a-4363-9655-9ee0c7d7b2e3}</UniqueIdentifier>
    </Filter>
    <Filter Include="01. Levels\02. Lobby\Stage\00. Stage_Lobby">
      <UniqueIdentifier>{ca3fd546-62b2-497b-9ef4-cdbacf3296cc}</UniqueIdentifier>
    </Filter>
    <Filter Include="01. Levels\02. Lobby\Stage\01. Stage_Select">
      <UniqueIdentifier>{d7499cef-b30e-44c0-9b3e-ff4dbb9333b7}</UniqueIdentifier>
    </Filter>
    <Filter Include="999. Defines">
      <UniqueIdentifier>{9167542c-90af-4e7d-8f78-bb3e667ef88e}</UniqueIdentifier>
    </Filter>
    <Filter Include="998. Default">
      <UniqueIdentifier>{1957437c-d700-4eef-93fe-aae690274857}</UniqueIdentifier>
    </Filter>
    <Filter Include="997. ShaderFiles">
      <UniqueIdentifier>{13f6b09d-79e7-45c4-af58-6d0dd3ca28d0}</UniqueIdentifier>
    </Filter>
    <Filter Include="02. GameObject\00. Camera">
      <UniqueIdentifier>{ff6cb342-f0a3-4839-bae6-e8c40ea86f63}</UniqueIdentifier>
    </Filter>
    <Filter Include="02. GameObject\00. Camera\00. Free">
      <UniqueIdentifier>{655277cf-ad6f-46e5-9277-b526dcf2cf56}</UniqueIdentifier>
    </Filter>
    <Filter Include="02. GameObject\01. UI_Default">
      <UniqueIdentifier>{e4320753-9360-4abf-b936-bbd1aefa69aa}</UniqueIdentifier>
    </Filter>
    <Filter Include="02. GameObject\01. UI_Default\00. UI_Image">
      <UniqueIdentifier>{12b549a8-c47a-4e99-83ee-2fb6c124f656}</UniqueIdentifier>
    </Filter>
    <Filter Include="02. GameObject\01. UI_Default\00. UI_Image\00. UI_AniImage">
      <UniqueIdentifier>{b08061dd-4450-4380-b128-dd4e5f8994ab}</UniqueIdentifier>
    </Filter>
    <Filter Include="02. GameObject\01. UI_Default\01. UI_Btn">
      <UniqueIdentifier>{d4919f53-6c3e-4d08-9e3c-bea802cc9fe1}</UniqueIdentifier>
    </Filter>
    <Filter Include="02. GameObject\01. UI_Default\02. UI_PickPanel">
      <UniqueIdentifier>{d7e2516a-a3a2-4f64-b34a-9fe174dc0c8a}</UniqueIdentifier>
    </Filter>
    <Filter Include="02. GameObject\01. UI_Default\01. UI_Btn\LobbyTabBtn">
      <UniqueIdentifier>{ea61d873-5726-4037-9a9d-b60fa743d41c}</UniqueIdentifier>
    </Filter>
    <Filter Include="02. GameObject\01. UI_Default\01. UI_Btn\PickSlot">
      <UniqueIdentifier>{f271a942-1d89-41a3-adb0-790d90b8f0a3}</UniqueIdentifier>
    </Filter>
    <Filter Include="02. GameObject\01. UI_Default\03. UI_SkinPanel">
      <UniqueIdentifier>{0dd327d6-8344-4bcb-a424-a364284e2664}</UniqueIdentifier>
    </Filter>
    <Filter Include="99. Manager">
      <UniqueIdentifier>{9da1878e-e8dc-45e5-badd-689d7f8144c2}</UniqueIdentifier>
    </Filter>
    <Filter Include="99. Manager\99. ImGui_Manager">
      <UniqueIdentifier>{f0887342-7e7c-4b1b-b8cc-aaa3962654e3}</UniqueIdentifier>
    </Filter>
    <Filter Include="99. Manager\00. CharData_Manager">
      <UniqueIdentifier>{a4376f57-7def-47d0-8a26-14dc28330034}</UniqueIdentifier>
    </Filter>
    <Filter Include="02. GameObject\01. UI_Default\01. UI_Btn\PickSkin">
      <UniqueIdentifier>{035a5d7c-1808-47c4-8517-3f5ae3cdaaa1}</UniqueIdentifier>
    </Filter>
    <Filter Include="02. GameObject\01. UI_Default\01. UI_Btn\LobbySelectBtn">
      <UniqueIdentifier>{dc50fff1-4339-485b-ae25-7b952f231445}</UniqueIdentifier>
    </Filter>
    <Filter Include="02. GameObject\01. UI_Default\04. UI_MapPanel">
      <UniqueIdentifier>{99d0aff8-14e9-4a10-9d65-c9a6e6b0fc96}</UniqueIdentifier>
    </Filter>
    <Filter Include="02. GameObject\01. UI_Default\01. UI_Btn\MapSelectBtn">
      <UniqueIdentifier>{c39eee39-75f4-483f-a67b-76d75859c542}</UniqueIdentifier>
    </Filter>
    <Filter Include="99. Manager\02. InGame_Manager">
      <UniqueIdentifier>{e575f96b-32db-4b95-b50e-eba9c19e8820}</UniqueIdentifier>
    </Filter>
    <Filter Include="02. GameObject\02. Map_Lumia">
      <UniqueIdentifier>{c4e51e4b-3791-4ff8-a431-391228665e0c}</UniqueIdentifier>
    </Filter>
    <Filter Include="02. GameObject\01. UI_Default\00. UI_Image\01. UI_MaskImage">
      <UniqueIdentifier>{80fb3970-f666-48bc-9171-7f975c663388}</UniqueIdentifier>
    </Filter>
    <Filter Include="02. GameObject\01. UI_Default\00. UI_Image\02. UI_TextBox">
      <UniqueIdentifier>{e5ba4c79-bb55-4fad-9d30-9b6f6b758ce3}</UniqueIdentifier>
    </Filter>
    <Filter Include="02. GameObject\02. Map_Lumia\01. Ground">
      <UniqueIdentifier>{c95cfe52-714e-4a12-8cfe-9e74c297ff39}</UniqueIdentifier>
    </Filter>
    <Filter Include="02. GameObject\02. Map_Lumia\02. Structure">
      <UniqueIdentifier>{704abd02-dac9-4585-bc97-fb329fd39771}</UniqueIdentifier>
    </Filter>
    <Filter Include="02. GameObject\02. Map_Lumia\03. Roof">
      <UniqueIdentifier>{5a9af583-37dd-47b9-bc03-f6d7a3df459a}</UniqueIdentifier>
    </Filter>
    <Filter Include="02. GameObject\01. UI_Default\05. UI_SkillIcon">
      <UniqueIdentifier>{4a92c609-5f56-4979-84d9-b1f6488dd720}</UniqueIdentifier>
    </Filter>
    <Filter Include="02. GameObject\01. UI_Default\05. UI_SkillIcon\Stack">
      <UniqueIdentifier>{a6789980-1775-4714-9d1a-b343da40343b}</UniqueIdentifier>
    </Filter>
    <Filter Include="02. GameObject\01. UI_Default\05. UI_SkillIcon\Normal">
      <UniqueIdentifier>{59d30b4d-0eee-421b-bdfc-16f09de5be5b}</UniqueIdentifier>
    </Filter>
    <Filter Include="50. State">
      <UniqueIdentifier>{1c69efd9-e441-43d7-965f-88cb97d0e641}</UniqueIdentifier>
    </Filter>
    <Filter Include="50. State\00. MovementState">
      <UniqueIdentifier>{6aeb5356-a21d-403a-8aa1-83290f347978}</UniqueIdentifier>
    </Filter>
    <Filter Include="50. State\01. ActionState">
      <UniqueIdentifier>{ba144dd7-de9e-4aea-941c-13ef12539242}</UniqueIdentifier>
    </Filter>
    <Filter Include="02. GameObject\99. Particles">
      <UniqueIdentifier>{5a854d33-65bb-4fa7-adaa-36a1be190a90}</UniqueIdentifier>
    </Filter>
    <Filter Include="02. GameObject\99. Particles\00. Snow">
      <UniqueIdentifier>{8919b18e-a516-4b7a-a1e4-8b4ae4b423a6}</UniqueIdentifier>
    </Filter>
    <Filter Include="02. GameObject\97. Monster">
      <UniqueIdentifier>{9c081f2e-e116-4f50-9c15-e26f5e16ca67}</UniqueIdentifier>
    </Filter>
    <Filter Include="02. GameObject\98. ForkLift">
      <UniqueIdentifier>{2938a3e3-44df-481a-bb13-f5847b3fb5ff}</UniqueIdentifier>
    </Filter>
    <Filter Include="02. GameObject\04. InGameCharHUD_Empty">
      <UniqueIdentifier>{aaa1eb01-a244-41f4-a0e5-58186c63fab6}</UniqueIdentifier>
    </Filter>
    <Filter Include="02. GameObject\04. InGameCharHUD_Empty\00. UI_CharSkillPanel">
      <UniqueIdentifier>{0d31f7b9-be45-487d-9dd3-34acc11e86c6}</UniqueIdentifier>
    </Filter>
    <Filter Include="02. GameObject\04. InGameCharHUD_Empty\01. InGameCharLevel_Empty">
      <UniqueIdentifier>{031f721d-5f57-4783-bd2d-04dee2bbecd3}</UniqueIdentifier>
    </Filter>
    <Filter Include="02. GameObject\04. InGameCharHUD_Empty\02. UI_StatPanel">
      <UniqueIdentifier>{ab6918be-fa52-4325-8036-61e2347d8da3}</UniqueIdentifier>
    </Filter>
    <Filter Include="02. GameObject\99. Particles\01. Explosion">
      <UniqueIdentifier>{3826573f-49fa-409f-9c78-ba71d6e05e65}</UniqueIdentifier>
    </Filter>
    <Filter Include="02. GameObject\04. InGameCharHUD_Empty\01. InGameCharLevel_Empty\00. UI_InGameProfile">
      <UniqueIdentifier>{db3c740b-3b2b-4843-8844-d9663fbf9600}</UniqueIdentifier>
    </Filter>
    <Filter Include="02. GameObject\04. InGameCharHUD_Empty\01. InGameCharLevel_Empty\01. UI_EXPGauge">
      <UniqueIdentifier>{1cbb3462-c557-4e1b-adde-4a0d1af2bf59}</UniqueIdentifier>
    </Filter>
    <Filter Include="02. GameObject\04. InGameCharHUD_Empty\01. InGameCharLevel_Empty\02. UI_LevelPanel">
      <UniqueIdentifier>{0919f4e9-0c62-4d4f-a063-fba3909b62f8}</UniqueIdentifier>
    </Filter>
    <Filter Include="02. GameObject\04. InGameCharHUD_Empty\02. UI_StatPanel\00. UI_StatBox">
      <UniqueIdentifier>{c84d3ebf-cb4b-4b00-92fa-4f6b51a72029}</UniqueIdentifier>
    </Filter>
    <Filter Include="02. GameObject\04. InGameCharHUD_Empty\00. UI_CharSkillPanel\01. UI_MainGaugePanel">
      <UniqueIdentifier>{69cf9f96-4b24-4cf5-9589-1efc86e96965}</UniqueIdentifier>
    </Filter>
    <Filter Include="02. GameObject\04. InGameCharHUD_Empty\00. UI_CharSkillPanel\01. UI_MainGaugePanel\UI_MainGaugeBar">
      <UniqueIdentifier>{4ecf6b2a-4437-40ad-9980-ff67ace2e73a}</UniqueIdentifier>
    </Filter>
    <Filter Include="99. Manager\03. Item_Manager">
      <UniqueIdentifier>{e638eb83-43a0-4816-956c-1d6f313639df}</UniqueIdentifier>
    </Filter>
    <Filter Include="51. Inventory">
      <UniqueIdentifier>{4d5eccf2-fa31-439f-adaa-bfae4e4d70de}</UniqueIdentifier>
    </Filter>
    <Filter Include="99. Manager\01. Game_Manager">
      <UniqueIdentifier>{6170fe61-0410-4c90-8962-3c8d1ac16b55}</UniqueIdentifier>
    </Filter>
    <Filter Include="02. GameObject\03. InvenOwner">
      <UniqueIdentifier>{8f339f2b-b2e1-4b6e-b401-1465cb5b9295}</UniqueIdentifier>
    </Filter>
    <Filter Include="02. GameObject\03. InvenOwner\00. Unit">
      <UniqueIdentifier>{a1dccc14-65ab-4cd7-9358-622bc2860bff}</UniqueIdentifier>
    </Filter>
    <Filter Include="02. GameObject\03. InvenOwner\00. Unit\AbstarctPlayer">
      <UniqueIdentifier>{042f4c44-8fb0-42f9-8a34-1eb21df7f1c6}</UniqueIdentifier>
    </Filter>
    <Filter Include="02. GameObject\03. InvenOwner\00. Unit\AbstarctPlayer\LiDailin">
      <UniqueIdentifier>{24a3e4e2-0a9f-40de-b411-d8a541662615}</UniqueIdentifier>
    </Filter>
    <Filter Include="02. GameObject\03. InvenOwner\00. Unit\AbstarctPlayer\LiDailin\00. Body">
      <UniqueIdentifier>{08aa8874-5bfc-4e48-9bfd-7614213b2c7e}</UniqueIdentifier>
    </Filter>
    <Filter Include="02. GameObject\03. InvenOwner\00. Unit\AbstarctPlayer\LiDailin\01. Weapon">
      <UniqueIdentifier>{9b16f940-715e-4884-a94b-a6a26b2fa3ab}</UniqueIdentifier>
    </Filter>
    <Filter Include="02. GameObject\03. InvenOwner\00. Unit\AbstarctPlayer\LiDailin\02. Bottle">
      <UniqueIdentifier>{b86a40b5-066a-49be-89ae-b233610732dd}</UniqueIdentifier>
    </Filter>
    <Filter Include="02. GameObject\03. InvenOwner\00. Unit\AbstarctPlayer\LiDailin\99. ActionState">
      <UniqueIdentifier>{4f385dd3-82e8-4a69-8e7e-c763d91a84c1}</UniqueIdentifier>
    </Filter>
    <Filter Include="02. GameObject\03. InvenOwner\00. Unit\AbstarctPlayer\LiDailin\99. ActionState\00. Attack">
      <UniqueIdentifier>{269ddc5b-af67-429d-bf31-baedbe48b953}</UniqueIdentifier>
    </Filter>
    <Filter Include="02. GameObject\03. InvenOwner\00. Unit\AbstarctPlayer\LiDailin\99. ActionState\02. LiDailin_W">
      <UniqueIdentifier>{074447ed-aa70-462f-99f6-10fd06b387e5}</UniqueIdentifier>
    </Filter>
    <Filter Include="02. GameObject\03. InvenOwner\00. Unit\AbstarctPlayer\LiDailin\99. ActionState\01. LiDailin_Q">
      <UniqueIdentifier>{857f8a38-f9fb-4f78-9bdd-c70ab3011b36}</UniqueIdentifier>
    </Filter>
    <Filter Include="02. GameObject\03. InvenOwner\00. Unit\AbstarctPlayer\LiDailin\99. ActionState\03. LiDailin_E">
      <UniqueIdentifier>{f8274cb4-e6c3-493d-b5bd-c689a8296ffe}</UniqueIdentifier>
    </Filter>
    <Filter Include="02. GameObject\03. InvenOwner\00. Unit\AbstarctPlayer\LiDailin\99. ActionState\04. LiDailin_R">
      <UniqueIdentifier>{1b91ba37-8b65-4fef-905f-2bca49b88e11}</UniqueIdentifier>
    </Filter>
    <Filter Include="02. GameObject\03. InvenOwner\00. Unit\AbstarctPlayer\LiDailin\98. MovementState">
      <UniqueIdentifier>{354b86c6-9624-46be-bdb8-8ed82e0c7f79}</UniqueIdentifier>
    </Filter>
    <Filter Include="02. GameObject\03. InvenOwner\00. Unit\AbstarctPlayer\LiDailin\98. MovementState\00. Idle">
      <UniqueIdentifier>{a3a40e0f-4731-45d5-8ffb-200ccafbb771}</UniqueIdentifier>
    </Filter>
    <Filter Include="02. GameObject\03. InvenOwner\00. Unit\AbstarctPlayer\LiDailin\98. MovementState\01. Move">
      <UniqueIdentifier>{c1b1cd04-40ac-4d0b-8a7c-d4451f6afc42}</UniqueIdentifier>
    </Filter>
    <Filter Include="02. GameObject\04. InGameCharHUD_Empty\03. UI_Inventory">
      <UniqueIdentifier>{32664581-8d84-460e-a04e-b320ded5256e}</UniqueIdentifier>
    </Filter>
    <Filter Include="02. GameObject\04. InGameCharHUD_Empty\03. UI_Inventory\UI_InventorySlot">
      <UniqueIdentifier>{52667fcf-d935-40a3-9dec-756880209686}</UniqueIdentifier>
    </Filter>
    <Filter Include="02. GameObject\04. InGameCharHUD_Empty\03. UI_Inventory\UI_InventorySlot\CUI_ItemImage">
      <UniqueIdentifier>{db35e0c3-e665-4cbc-b820-be4d7118ba8f}</UniqueIdentifier>
    </Filter>
  </ItemGroup>
  <ItemGroup>
    <ClInclude Include="Client.h">
      <Filter>998. Default</Filter>
    </ClInclude>
    <ClInclude Include="framework.h">
      <Filter>998. Default</Filter>
    </ClInclude>
    <ClInclude Include="Resource.h">
      <Filter>998. Default</Filter>
    </ClInclude>
    <ClInclude Include="targetver.h">
      <Filter>998. Default</Filter>
    </ClInclude>
    <ClInclude Include="..\Public\CMainApp.h">
      <Filter>00. MainApp</Filter>
    </ClInclude>
    <ClInclude Include="..\Public\Client_Defines.h">
      <Filter>999. Defines</Filter>
    </ClInclude>
    <ClInclude Include="..\Public\CLevel_Logo.h">
      <Filter>01. Levels\01. Logo</Filter>
    </ClInclude>
    <ClInclude Include="..\Public\CLevel_Loading.h">
      <Filter>01. Levels\00. Loading</Filter>
    </ClInclude>
    <ClInclude Include="..\Public\CLevel_GamePlay.h">
      <Filter>01. Levels\03. GamePlay</Filter>
    </ClInclude>
    <ClInclude Include="..\Public\CLoader.h">
      <Filter>01. Levels\00. Loading\Loader</Filter>
    </ClInclude>
    <ClInclude Include="..\Public\CUI_Image.h">
      <Filter>02. GameObject\01. UI_Default\00. UI_Image</Filter>
    </ClInclude>
    <ClInclude Include="..\Public\CImGui_Manager.h">
      <Filter>99. Manager\99. ImGui_Manager</Filter>
    </ClInclude>
    <ClInclude Include="..\Public\CLevel_Lobby.h">
      <Filter>01. Levels\02. Lobby</Filter>
    </ClInclude>
    <ClInclude Include="..\Public\CLevel_Ending.h">
      <Filter>01. Levels\04. Ending</Filter>
    </ClInclude>
    <ClInclude Include="..\Public\CUI_AniImage.h">
      <Filter>02. GameObject\01. UI_Default\00. UI_Image\00. UI_AniImage</Filter>
    </ClInclude>
    <ClInclude Include="..\Public\CCamera_Free.h">
      <Filter>02. GameObject\00. Camera\00. Free</Filter>
    </ClInclude>
    <ClInclude Include="..\Public\CUI_Btn.h">
      <Filter>02. GameObject\01. UI_Default\01. UI_Btn</Filter>
    </ClInclude>
    <ClInclude Include="..\Public\CLobbyTabBtn.h">
      <Filter>02. GameObject\01. UI_Default\01. UI_Btn\LobbyTabBtn</Filter>
    </ClInclude>
    <ClInclude Include="..\Public\CUI_Default.h">
      <Filter>02. GameObject\01. UI_Default</Filter>
    </ClInclude>
    <ClInclude Include="..\Public\CStage.h">
      <Filter>01. Levels\02. Lobby\Stage</Filter>
    </ClInclude>
    <ClInclude Include="..\Public\CStage_Lobby.h">
      <Filter>01. Levels\02. Lobby\Stage\00. Stage_Lobby</Filter>
    </ClInclude>
    <ClInclude Include="..\Public\CStage_Select.h">
      <Filter>01. Levels\02. Lobby\Stage\01. Stage_Select</Filter>
    </ClInclude>
    <ClInclude Include="..\Public\CMonster.h">
      <Filter>02. GameObject\97. Monster</Filter>
    </ClInclude>
    <ClInclude Include="..\Public\CUI_PickPanel.h">
      <Filter>02. GameObject\01. UI_Default\02. UI_PickPanel</Filter>
    </ClInclude>
    <ClInclude Include="..\Public\CPickSlot.h">
      <Filter>02. GameObject\01. UI_Default\01. UI_Btn\PickSlot</Filter>
    </ClInclude>
    <ClInclude Include="..\Public\CUI_SkinPanel.h">
      <Filter>02. GameObject\01. UI_Default\03. UI_SkinPanel</Filter>
    </ClInclude>
    <ClInclude Include="..\Public\CCharData_Manager.h">
      <Filter>99. Manager\00. CharData_Manager</Filter>
    </ClInclude>
    <ClInclude Include="..\Public\CGame_Manager.h">
      <Filter>99. Manager\01. Game_Manager</Filter>
    </ClInclude>
    <ClInclude Include="..\Public\CPickSkin.h">
      <Filter>02. GameObject\01. UI_Default\01. UI_Btn\PickSkin</Filter>
    </ClInclude>
    <ClInclude Include="..\Public\Character_Meta.h">
      <Filter>999. Defines</Filter>
    </ClInclude>
    <ClInclude Include="..\Public\CLobbySelectBtn.h">
      <Filter>02. GameObject\01. UI_Default\01. UI_Btn\LobbySelectBtn</Filter>
    </ClInclude>
    <ClInclude Include="..\Public\CForkLift.h">
      <Filter>02. GameObject\98. ForkLift</Filter>
    </ClInclude>
    <ClInclude Include="..\Public\CUI_MapPanel.h">
      <Filter>02. GameObject\01. UI_Default\04. UI_MapPanel</Filter>
    </ClInclude>
    <ClInclude Include="..\Public\CMapSelectBtn.h">
      <Filter>02. GameObject\01. UI_Default\01. UI_Btn\MapSelectBtn</Filter>
    </ClInclude>
    <ClInclude Include="..\Public\Map_Meta.h">
      <Filter>999. Defines</Filter>
    </ClInclude>
    <ClInclude Include="..\Public\CInGame_Manager.h">
      <Filter>99. Manager\02. InGame_Manager</Filter>
    </ClInclude>
    <ClInclude Include="..\Public\CLiDailin.h">
      <Filter>02. GameObject\03. InvenOwner\00. Unit\AbstarctPlayer\LiDailin</Filter>
    </ClInclude>
    <ClInclude Include="..\Public\CBody_Player.h">
      <Filter>02. GameObject\03. InvenOwner\00. Unit\AbstarctPlayer\LiDailin\00. Body</Filter>
    </ClInclude>
    <ClInclude Include="..\Public\CWeapon.h">
      <Filter>02. GameObject\03. InvenOwner\00. Unit\AbstarctPlayer\LiDailin\01. Weapon</Filter>
    </ClInclude>
    <ClInclude Include="..\Public\CUI_MaskImage.h">
      <Filter>02. GameObject\01. UI_Default\00. UI_Image\01. UI_MaskImage</Filter>
    </ClInclude>
    <ClInclude Include="..\Public\CUI_TextBox.h">
      <Filter>02. GameObject\01. UI_Default\00. UI_Image\02. UI_TextBox</Filter>
    </ClInclude>
    <ClInclude Include="..\Public\CBottle.h">
      <Filter>02. GameObject\03. InvenOwner\00. Unit\AbstarctPlayer\LiDailin\02. Bottle</Filter>
    </ClInclude>
    <ClInclude Include="..\Public\CLumia_Ground.h">
      <Filter>02. GameObject\02. Map_Lumia\01. Ground</Filter>
    </ClInclude>
    <ClInclude Include="..\Public\CLumia_Structure.h">
      <Filter>02. GameObject\02. Map_Lumia\02. Structure</Filter>
    </ClInclude>
    <ClInclude Include="..\Public\CRoof.h">
      <Filter>02. GameObject\02. Map_Lumia\03. Roof</Filter>
    </ClInclude>
    <ClInclude Include="..\Public\CState.h">
      <Filter>50. State</Filter>
    </ClInclude>
    <ClInclude Include="..\Public\Command.h">
      <Filter>999. Defines</Filter>
    </ClInclude>
    <ClInclude Include="..\Public\CLiDailinIdle.h">
      <Filter>02. GameObject\03. InvenOwner\00. Unit\AbstarctPlayer\LiDailin\98. MovementState\00. Idle</Filter>
    </ClInclude>
    <ClInclude Include="..\Public\CLiDailinMove.h">
      <Filter>02. GameObject\03. InvenOwner\00. Unit\AbstarctPlayer\LiDailin\98. MovementState\01. Move</Filter>
    </ClInclude>
    <ClInclude Include="..\Public\LiDailin_Info.h">
      <Filter>999. Defines</Filter>
    </ClInclude>
    <ClInclude Include="..\Public\CLiDailin_Q.h">
      <Filter>02. GameObject\03. InvenOwner\00. Unit\AbstarctPlayer\LiDailin\99. ActionState\01. LiDailin_Q</Filter>
    </ClInclude>
    <ClInclude Include="..\Public\CLiDailinAttack.h">
      <Filter>02. GameObject\03. InvenOwner\00. Unit\AbstarctPlayer\LiDailin\99. ActionState\00. Attack</Filter>
    </ClInclude>
    <ClInclude Include="..\Public\CLiDailin_E.h">
      <Filter>02. GameObject\03. InvenOwner\00. Unit\AbstarctPlayer\LiDailin\99. ActionState\03. LiDailin_E</Filter>
    </ClInclude>
    <ClInclude Include="..\Public\CLiDailin_R.h">
      <Filter>02. GameObject\03. InvenOwner\00. Unit\AbstarctPlayer\LiDailin\99. ActionState\04. LiDailin_R</Filter>
    </ClInclude>
    <ClInclude Include="..\Public\CUI_SkillIcon.h">
      <Filter>02. GameObject\01. UI_Default\05. UI_SkillIcon</Filter>
    </ClInclude>
    <ClInclude Include="..\Public\CUI_StackSkillIcon.h">
      <Filter>02. GameObject\01. UI_Default\05. UI_SkillIcon\Stack</Filter>
    </ClInclude>
    <ClInclude Include="..\Public\CUI_NormalSkillIcon.h">
      <Filter>02. GameObject\01. UI_Default\05. UI_SkillIcon\Normal</Filter>
    </ClInclude>
    <ClInclude Include="..\Public\CLiDailin_W.h">
      <Filter>02. GameObject\03. InvenOwner\00. Unit\AbstarctPlayer\LiDailin\99. ActionState\02. LiDailin_W</Filter>
    </ClInclude>
    <ClInclude Include="..\Public\CActionState.h">
      <Filter>50. State\01. ActionState</Filter>
    </ClInclude>
    <ClInclude Include="..\Public\CMovementState.h">
      <Filter>50. State\00. MovementState</Filter>
    </ClInclude>
    <ClInclude Include="..\Public\CSnow.h">
      <Filter>02. GameObject\99. Particles\00. Snow</Filter>
    </ClInclude>
    <ClInclude Include="..\Public\Skill_Info.h">
      <Filter>999. Defines</Filter>
    </ClInclude>
    <ClInclude Include="..\Public\CInGameCharHUD_Empty.h">
      <Filter>02. GameObject\04. InGameCharHUD_Empty</Filter>
    </ClInclude>
    <ClInclude Include="..\Public\CUI_CharSkillPanel.h">
      <Filter>02. GameObject\04. InGameCharHUD_Empty\00. UI_CharSkillPanel</Filter>
    </ClInclude>
    <ClInclude Include="..\Public\CInGameCharLevel_Empty.h">
      <Filter>02. GameObject\04. InGameCharHUD_Empty\01. InGameCharLevel_Empty</Filter>
    </ClInclude>
    <ClInclude Include="..\Public\CAbstractPlayer.h">
      <Filter>02. GameObject\03. InvenOwner\00. Unit\AbstarctPlayer</Filter>
    </ClInclude>
    <ClInclude Include="..\Public\CUI_InGameCharProfile.h">
      <Filter>02. GameObject\04. InGameCharHUD_Empty\01. InGameCharLevel_Empty\00. UI_InGameProfile</Filter>
    </ClInclude>
    <ClInclude Include="..\Public\CUnit.h">
      <Filter>02. GameObject\03. InvenOwner\00. Unit</Filter>
    </ClInclude>
    <ClInclude Include="..\Public\CUI_StatPanel.h">
      <Filter>02. GameObject\04. InGameCharHUD_Empty\02. UI_StatPanel</Filter>
    </ClInclude>
    <ClInclude Include="..\Public\CUI_StatBox.h">
      <Filter>02. GameObject\04. InGameCharHUD_Empty\02. UI_StatPanel\00. UI_StatBox</Filter>
    </ClInclude>
    <ClInclude Include="..\Public\CExplosion.h">
      <Filter>02. GameObject\99. Particles\01. Explosion</Filter>
    </ClInclude>
    <ClInclude Include="..\Public\CUI_EXPGauge.h">
      <Filter>02. GameObject\04. InGameCharHUD_Empty\01. InGameCharLevel_Empty\01. UI_EXPGauge</Filter>
    </ClInclude>
    <ClInclude Include="..\Public\CUI_LevelPanel.h">
      <Filter>02. GameObject\04. InGameCharHUD_Empty\01. InGameCharLevel_Empty\02. UI_LevelPanel</Filter>
    </ClInclude>
    <ClInclude Include="..\Public\CUI_MainGaugePanel.h">
      <Filter>02. GameObject\04. InGameCharHUD_Empty\00. UI_CharSkillPanel\01. UI_MainGaugePanel</Filter>
    </ClInclude>
    <ClInclude Include="..\Public\CUI_MainGaugeBar.h">
      <Filter>02. GameObject\04. InGameCharHUD_Empty\00. UI_CharSkillPanel\01. UI_MainGaugePanel\UI_MainGaugeBar</Filter>
    </ClInclude>
    <ClInclude Include="..\Public\Item_Meta.h">
      <Filter>999. Defines</Filter>
    </ClInclude>
    <ClInclude Include="..\Public\CItem_Manager.h">
      <Filter>99. Manager\03. Item_Manager</Filter>
    </ClInclude>
    <ClInclude Include="..\Public\CInventory.h">
      <Filter>51. Inventory</Filter>
    </ClInclude>
    <ClInclude Include="..\Public\CInvenOwner.h">
      <Filter>02. GameObject\03. InvenOwner</Filter>
    </ClInclude>
    <ClInclude Include="..\Public\CUI_Inventory.h">
      <Filter>02. GameObject\04. InGameCharHUD_Empty\03. UI_Inventory</Filter>
    </ClInclude>
    <ClInclude Include="..\Public\CUI_InventorySlot.h">
      <Filter>02. GameObject\04. InGameCharHUD_Empty\03. UI_Inventory\UI_InventorySlot</Filter>
    </ClInclude>
    <ClInclude Include="..\Public\CUI_ItemImage.h">
      <Filter>02. GameObject\04. InGameCharHUD_Empty\03. UI_Inventory\UI_InventorySlot\CUI_ItemImage</Filter>
    </ClInclude>
  </ItemGroup>
  <ItemGroup>
    <Image Include="Client.ico">
      <Filter>998. Default</Filter>
    </Image>
    <Image Include="small.ico">
      <Filter>998. Default</Filter>
    </Image>
  </ItemGroup>
  <ItemGroup>
    <ResourceCompile Include="Client.rc">
      <Filter>998. Default</Filter>
    </ResourceCompile>
  </ItemGroup>
  <ItemGroup>
    <ClCompile Include="Client.cpp">
      <Filter>998. Default</Filter>
    </ClCompile>
    <ClCompile Include="..\Private\CMainApp.cpp">
      <Filter>00. MainApp</Filter>
    </ClCompile>
    <ClCompile Include="..\Private\CLevel_Logo.cpp">
      <Filter>01. Levels\01. Logo</Filter>
    </ClCompile>
    <ClCompile Include="..\Private\CLevel_Loading.cpp">
      <Filter>01. Levels\00. Loading</Filter>
    </ClCompile>
    <ClCompile Include="..\Private\CLevel_GamePlay.cpp">
      <Filter>01. Levels\03. GamePlay</Filter>
    </ClCompile>
    <ClCompile Include="..\Private\CLoader.cpp">
      <Filter>01. Levels\00. Loading\Loader</Filter>
    </ClCompile>
    <ClCompile Include="..\Private\CUI_Image.cpp">
      <Filter>02. GameObject\01. UI_Default\00. UI_Image</Filter>
    </ClCompile>
    <ClCompile Include="..\Private\CImGui_Manager.cpp">
      <Filter>99. Manager\99. ImGui_Manager</Filter>
    </ClCompile>
    <ClCompile Include="..\Private\CLevel_Lobby.cpp">
      <Filter>01. Levels\02. Lobby</Filter>
    </ClCompile>
    <ClCompile Include="..\Private\CLevel_Ending.cpp">
      <Filter>01. Levels\04. Ending</Filter>
    </ClCompile>
    <ClCompile Include="..\Private\CUI_AniImage.cpp">
      <Filter>02. GameObject\01. UI_Default\00. UI_Image\00. UI_AniImage</Filter>
    </ClCompile>
    <ClCompile Include="..\Private\CCamera_Free.cpp">
      <Filter>02. GameObject\00. Camera\00. Free</Filter>
    </ClCompile>
    <ClCompile Include="..\Private\CUI_Btn.cpp">
      <Filter>02. GameObject\01. UI_Default\01. UI_Btn</Filter>
    </ClCompile>
    <ClCompile Include="..\Private\CLobbyTabBtn.cpp">
      <Filter>02. GameObject\01. UI_Default\01. UI_Btn\LobbyTabBtn</Filter>
    </ClCompile>
    <ClCompile Include="..\Private\CUI_Default.cpp">
      <Filter>02. GameObject\01. UI_Default</Filter>
    </ClCompile>
    <ClCompile Include="..\Private\CStage.cpp">
      <Filter>01. Levels\02. Lobby\Stage</Filter>
    </ClCompile>
    <ClCompile Include="..\Private\CStage_Lobby.cpp">
      <Filter>01. Levels\02. Lobby\Stage\00. Stage_Lobby</Filter>
    </ClCompile>
    <ClCompile Include="..\Private\CStage_Select.cpp">
      <Filter>01. Levels\02. Lobby\Stage\01. Stage_Select</Filter>
    </ClCompile>
    <ClCompile Include="..\Private\CMonster.cpp">
      <Filter>02. GameObject\97. Monster</Filter>
    </ClCompile>
    <ClCompile Include="..\Private\CUI_PickPanel.cpp">
      <Filter>02. GameObject\01. UI_Default\02. UI_PickPanel</Filter>
    </ClCompile>
    <ClCompile Include="..\Private\CPickSlot.cpp">
      <Filter>02. GameObject\01. UI_Default\01. UI_Btn\PickSlot</Filter>
    </ClCompile>
    <ClCompile Include="..\Private\CUI_SkinPanel.cpp">
      <Filter>02. GameObject\01. UI_Default\03. UI_SkinPanel</Filter>
    </ClCompile>
    <ClCompile Include="..\Private\CCharData_Manager.cpp">
      <Filter>99. Manager\00. CharData_Manager</Filter>
    </ClCompile>
    <ClCompile Include="..\Private\CGame_Manager.cpp">
      <Filter>99. Manager\01. Game_Manager</Filter>
    </ClCompile>
    <ClCompile Include="..\Private\CPickSkin.cpp">
      <Filter>02. GameObject\01. UI_Default\01. UI_Btn\PickSkin</Filter>
    </ClCompile>
    <ClCompile Include="..\Private\CLobbySelectBtn.cpp">
      <Filter>02. GameObject\01. UI_Default\01. UI_Btn\LobbySelectBtn</Filter>
    </ClCompile>
    <ClCompile Include="..\Private\CForkLift.cpp">
      <Filter>02. GameObject\98. ForkLift</Filter>
    </ClCompile>
    <ClCompile Include="..\Private\CUI_MapPanel.cpp">
      <Filter>02. GameObject\01. UI_Default\04. UI_MapPanel</Filter>
    </ClCompile>
    <ClCompile Include="..\Private\CMapSelectBtn.cpp">
      <Filter>02. GameObject\01. UI_Default\01. UI_Btn\MapSelectBtn</Filter>
    </ClCompile>
    <ClCompile Include="..\Private\CInGame_Manager.cpp">
      <Filter>99. Manager\02. InGame_Manager</Filter>
    </ClCompile>
    <ClCompile Include="..\Private\CLiDailin.cpp">
      <Filter>02. GameObject\03. InvenOwner\00. Unit\AbstarctPlayer\LiDailin</Filter>
    </ClCompile>
    <ClCompile Include="..\Private\CBody_Player.cpp">
      <Filter>02. GameObject\03. InvenOwner\00. Unit\AbstarctPlayer\LiDailin\00. Body</Filter>
    </ClCompile>
    <ClCompile Include="..\Private\CWeapon.cpp">
      <Filter>02. GameObject\03. InvenOwner\00. Unit\AbstarctPlayer\LiDailin\01. Weapon</Filter>
    </ClCompile>
    <ClCompile Include="..\Private\CUI_MaskImage.cpp">
      <Filter>02. GameObject\01. UI_Default\00. UI_Image\01. UI_MaskImage</Filter>
    </ClCompile>
    <ClCompile Include="..\Private\CUI_TextBox.cpp">
      <Filter>02. GameObject\01. UI_Default\00. UI_Image\02. UI_TextBox</Filter>
    </ClCompile>
    <ClCompile Include="..\Private\CBottle.cpp">
      <Filter>02. GameObject\03. InvenOwner\00. Unit\AbstarctPlayer\LiDailin\02. Bottle</Filter>
    </ClCompile>
    <ClCompile Include="..\Private\CLumia_Ground.cpp">
      <Filter>02. GameObject\02. Map_Lumia\01. Ground</Filter>
    </ClCompile>
    <ClCompile Include="..\Private\CLumia_Structure.cpp">
      <Filter>02. GameObject\02. Map_Lumia\02. Structure</Filter>
    </ClCompile>
    <ClCompile Include="..\Private\CRoof.cpp">
      <Filter>02. GameObject\02. Map_Lumia\03. Roof</Filter>
    </ClCompile>
    <ClCompile Include="..\Private\CState.cpp">
      <Filter>50. State</Filter>
    </ClCompile>
    <ClCompile Include="..\Private\CLiDailinIdle.cpp">
      <Filter>02. GameObject\03. InvenOwner\00. Unit\AbstarctPlayer\LiDailin\98. MovementState\00. Idle</Filter>
    </ClCompile>
    <ClCompile Include="..\Private\CLiDailinMove.cpp">
      <Filter>02. GameObject\03. InvenOwner\00. Unit\AbstarctPlayer\LiDailin\98. MovementState\01. Move</Filter>
    </ClCompile>
    <ClCompile Include="..\Private\CLiDailinAttack.cpp">
      <Filter>02. GameObject\03. InvenOwner\00. Unit\AbstarctPlayer\LiDailin\99. ActionState\00. Attack</Filter>
    </ClCompile>
    <ClCompile Include="..\Private\CLiDailin_E.cpp">
      <Filter>02. GameObject\03. InvenOwner\00. Unit\AbstarctPlayer\LiDailin\99. ActionState\03. LiDailin_E</Filter>
    </ClCompile>
    <ClCompile Include="..\Private\CLiDailin_R.cpp">
      <Filter>02. GameObject\03. InvenOwner\00. Unit\AbstarctPlayer\LiDailin\99. ActionState\04. LiDailin_R</Filter>
    </ClCompile>
    <ClCompile Include="..\Private\CUI_SkillIcon.cpp">
      <Filter>02. GameObject\01. UI_Default\05. UI_SkillIcon</Filter>
    </ClCompile>
    <ClCompile Include="..\Private\CUI_StackSkillIcon.cpp">
      <Filter>02. GameObject\01. UI_Default\05. UI_SkillIcon\Stack</Filter>
    </ClCompile>
    <ClCompile Include="..\Private\CUI_NormalSkillIcon.cpp">
      <Filter>02. GameObject\01. UI_Default\05. UI_SkillIcon\Normal</Filter>
    </ClCompile>
    <ClCompile Include="..\Private\CLiDailin_Q.cpp">
      <Filter>02. GameObject\03. InvenOwner\00. Unit\AbstarctPlayer\LiDailin\99. ActionState\01. LiDailin_Q</Filter>
    </ClCompile>
    <ClCompile Include="..\Private\CLiDailin_W.cpp">
      <Filter>02. GameObject\03. InvenOwner\00. Unit\AbstarctPlayer\LiDailin\99. ActionState\02. LiDailin_W</Filter>
    </ClCompile>
    <ClCompile Include="..\Private\CActionState.cpp">
      <Filter>50. State\01. ActionState</Filter>
    </ClCompile>
    <ClCompile Include="..\Private\CMovementState.cpp">
      <Filter>50. State\00. MovementState</Filter>
    </ClCompile>
    <ClCompile Include="..\Private\CSnow.cpp">
      <Filter>02. GameObject\99. Particles\00. Snow</Filter>
    </ClCompile>
    <ClCompile Include="..\Private\CUI_CharSkillPanel.cpp">
      <Filter>02. GameObject\04. InGameCharHUD_Empty\00. UI_CharSkillPanel</Filter>
    </ClCompile>
    <ClCompile Include="..\Private\CInGameCharHUD_Empty.cpp">
      <Filter>02. GameObject\04. InGameCharHUD_Empty</Filter>
    </ClCompile>
    <ClCompile Include="..\Private\CInGameCharLevel_Empty.cpp">
      <Filter>02. GameObject\04. InGameCharHUD_Empty\01. InGameCharLevel_Empty</Filter>
    </ClCompile>
    <ClCompile Include="..\Private\CAbstractPlayer.cpp">
      <Filter>02. GameObject\03. InvenOwner\00. Unit\AbstarctPlayer</Filter>
    </ClCompile>
    <ClCompile Include="..\Private\CUI_InGameCharProfile.cpp">
      <Filter>02. GameObject\04. InGameCharHUD_Empty\01. InGameCharLevel_Empty\00. UI_InGameProfile</Filter>
    </ClCompile>
    <ClCompile Include="..\Private\CUnit.cpp">
      <Filter>02. GameObject\03. InvenOwner\00. Unit</Filter>
    </ClCompile>
    <ClCompile Include="..\Private\CUI_StatBox.cpp">
      <Filter>02. GameObject\04. InGameCharHUD_Empty\02. UI_StatPanel\00. UI_StatBox</Filter>
    </ClCompile>
    <ClCompile Include="..\Private\CExplosion.cpp">
      <Filter>02. GameObject\99. Particles\01. Explosion</Filter>
    </ClCompile>
    <ClCompile Include="..\Private\CUI_EXPGauge.cpp">
      <Filter>02. GameObject\04. InGameCharHUD_Empty\01. InGameCharLevel_Empty\01. UI_EXPGauge</Filter>
    </ClCompile>
    <ClCompile Include="..\Private\CUI_LevelPanel.cpp">
      <Filter>02. GameObject\04. InGameCharHUD_Empty\01. InGameCharLevel_Empty\02. UI_LevelPanel</Filter>
    </ClCompile>
    <ClCompile Include="..\Private\CUI_MainGaugepanel.cpp">
      <Filter>02. GameObject\04. InGameCharHUD_Empty\00. UI_CharSkillPanel\01. UI_MainGaugePanel</Filter>
    </ClCompile>
    <ClCompile Include="..\Private\CUI_StatPanel.cpp">
      <Filter>02. GameObject\04. InGameCharHUD_Empty\02. UI_StatPanel</Filter>
    </ClCompile>
    <ClCompile Include="..\Private\CUI_MainGaugeBar.cpp">
      <Filter>02. GameObject\04. InGameCharHUD_Empty\00. UI_CharSkillPanel\01. UI_MainGaugePanel\UI_MainGaugeBar</Filter>
    </ClCompile>
    <ClCompile Include="..\Private\CItem_Manager.cpp">
      <Filter>99. Manager\03. Item_Manager</Filter>
    </ClCompile>
    <ClCompile Include="..\Private\CInventory.cpp">
      <Filter>51. Inventory</Filter>
    </ClCompile>
    <ClCompile Include="..\Private\CInvenOwner.cpp">
      <Filter>02. GameObject\03. InvenOwner</Filter>
    </ClCompile>
    <ClCompile Include="..\Private\CUI_Inventory.cpp">
      <Filter>02. GameObject\04. InGameCharHUD_Empty\03. UI_Inventory</Filter>
    </ClCompile>
    <ClCompile Include="..\Private\CUI_InventorySlot.cpp">
      <Filter>02. GameObject\04. InGameCharHUD_Empty\03. UI_Inventory\UI_InventorySlot</Filter>
    </ClCompile>
    <ClCompile Include="..\Private\CUI_ItemImage.cpp">
      <Filter>02. GameObject\04. InGameCharHUD_Empty\03. UI_Inventory\UI_InventorySlot\CUI_ItemImage</Filter>
    </ClCompile>
  </ItemGroup>
  <ItemGroup>
    <FxCompile Include="..\Bin\ShaderFiles\Shader_VtxTex.hlsl">
      <Filter>997. ShaderFiles</Filter>
    </FxCompile>
    <FxCompile Include="..\Bin\ShaderFiles\Shader_VtxNorTex.hlsl">
      <Filter>997. ShaderFiles</Filter>
    </FxCompile>
    <FxCompile Include="..\Bin\ShaderFiles\Shader_VtxMesh.hlsl">
      <Filter>997. ShaderFiles</Filter>
    </FxCompile>
    <FxCompile Include="..\Bin\ShaderFiles\Shader_VtxAnimMesh.hlsl">
      <Filter>997. ShaderFiles</Filter>
    </FxCompile>
    <FxCompile Include="..\Bin\ShaderFiles\Shader_VtxCube.hlsl">
      <Filter>997. ShaderFiles</Filter>
    </FxCompile>
    <FxCompile Include="..\Bin\ShaderFiles\Shader_VtxRectInstance.hlsl">
      <Filter>997. ShaderFiles</Filter>
    </FxCompile>
    <FxCompile Include="..\Bin\ShaderFiles\Shader_VtxPointInstance.hlsl">
      <Filter>997. ShaderFiles</Filter>
    </FxCompile>
  </ItemGroup>
</Project>